
Microsoft Visual Studio Solution File, Format Version 12.00
# Visual Studio Version 17
VisualStudioVersion = 17.4.33213.308
MinimumVisualStudioVersion = 10.0.40219.1
Project("{FAE04EC0-301F-11D3-BF4B-00C04F79EFBC}") = "Login System", "Login System\Login System.csproj", "{B756F8FD-79C9-4E03-981E-B92BC97EAB5E}"
EndProject
Global
	GlobalSection(SolutionConfigurationPlatforms) = preSolution
		Debug|Any CPU = Debug|Any CPU
		Release|Any CPU = Release|Any CPU
	EndGlobalSection
	GlobalSection(ProjectConfigurationPlatforms) = postSolution
		{B756F8FD-79C9-4E03-981E-B92BC97EAB5E}.Debug|Any CPU.ActiveCfg = Debug|Any CPU
		{B756F8FD-79C9-4E03-981E-B92BC97EAB5E}.Debug|Any CPU.Build.0 = Debug|Any CPU
		{B756F8FD-79C9-4E03-981E-B92BC97EAB5E}.Release|Any CPU.ActiveCfg = Release|Any CPU
		{B756F8FD-79C9-4E03-981E-B92BC97EAB5E}.Release|Any CPU.Build.0 = Release|Any CPU
	EndGlobalSection
	GlobalSection(SolutionProperties) = preSolution
		HideSolutionNode = FALSE
	EndGlobalSection
	GlobalSection(ExtensibilityGlobals) = postSolution
		SolutionGuid = {D8FA431F-826D-43A7-93AC-66FA15228EA9}
	EndGlobalSection
EndGlobal
